
Microsoft Visual Studio Solution File, Format Version 12.00
# Visual Studio 14
VisualStudioVersion = 14.0.25420.1
MinimumVisualStudioVersion = 10.0.40219.1
Project("{2150E333-8FDC-42A3-9474-1A3956D46DE8}") = ".paket", ".paket", "{5EEBA270-4F4E-4F5E-8DD4-F993F7235946}"
	ProjectSection(SolutionItems) = preProject
		paket.dependencies = paket.dependencies
		paket.lock = paket.lock
		Paket.Readme.md = Paket.Readme.md
	EndProjectSection
EndProject
Project("{FAE04EC0-301F-11D3-BF4B-00C04F79EFBC}") = "Gu.Wpf.GridExtensions", "Gu.Wpf.GridExtensions\Gu.Wpf.GridExtensions.csproj", "{8300F62F-529B-492D-89A0-D67B67DDFDD3}"
EndProject
Project("{FAE04EC0-301F-11D3-BF4B-00C04F79EFBC}") = "Gu.Wpf.GridExtensions.Demo", "Gu.Wpf.GridExtensions.Demo\Gu.Wpf.GridExtensions.Demo.csproj", "{4FA150BE-E90E-4380-AA58-C1800749A451}"
EndProject
Global
	GlobalSection(SolutionConfigurationPlatforms) = preSolution
		Debug|Any CPU = Debug|Any CPU
		Release|Any CPU = Release|Any CPU
	EndGlobalSection
	GlobalSection(ProjectConfigurationPlatforms) = postSolution
		{8300F62F-529B-492D-89A0-D67B67DDFDD3}.Debug|Any CPU.ActiveCfg = Debug|Any CPU
		{8300F62F-529B-492D-89A0-D67B67DDFDD3}.Debug|Any CPU.Build.0 = Debug|Any CPU
		{8300F62F-529B-492D-89A0-D67B67DDFDD3}.Release|Any CPU.ActiveCfg = Release|Any CPU
		{8300F62F-529B-492D-89A0-D67B67DDFDD3}.Release|Any CPU.Build.0 = Release|Any CPU
		{4FA150BE-E90E-4380-AA58-C1800749A451}.Debug|Any CPU.ActiveCfg = Debug|Any CPU
		{4FA150BE-E90E-4380-AA58-C1800749A451}.Debug|Any CPU.Build.0 = Debug|Any CPU
		{4FA150BE-E90E-4380-AA58-C1800749A451}.Release|Any CPU.ActiveCfg = Release|Any CPU
		{4FA150BE-E90E-4380-AA58-C1800749A451}.Release|Any CPU.Build.0 = Release|Any CPU
	EndGlobalSection
	GlobalSection(SolutionProperties) = preSolution
		HideSolutionNode = FALSE
	EndGlobalSection
EndGlobal
